
Microsoft Visual Studio Solution File, Format Version 11.00
# Visual Studio 2010
Project("{FAE04EC0-301F-11D3-BF4B-00C04F79EFBC}") = "AppsList", "AppsList\AppsList.csproj", "{AE7E2429-0339-4679-96D5-2D0635CB45F1}"
EndProject
Project("{FAE04EC0-301F-11D3-BF4B-00C04F79EFBC}") = "AppsListControl", "AppsListControl\AppsListControl.csproj", "{698FF406-9FA0-45F1-87A4-D653773B3E76}"
EndProject
Global
	GlobalSection(SolutionConfigurationPlatforms) = preSolution
		Debug|Any CPU = Debug|Any CPU
		Release|Any CPU = Release|Any CPU
	EndGlobalSection
	GlobalSection(ProjectConfigurationPlatforms) = postSolution
		{AE7E2429-0339-4679-96D5-2D0635CB45F1}.Debug|Any CPU.ActiveCfg = Debug|Any CPU
		{AE7E2429-0339-4679-96D5-2D0635CB45F1}.Debug|Any CPU.Build.0 = Debug|Any CPU
		{AE7E2429-0339-4679-96D5-2D0635CB45F1}.Debug|Any CPU.Deploy.0 = Debug|Any CPU
		{AE7E2429-0339-4679-96D5-2D0635CB45F1}.Release|Any CPU.ActiveCfg = Release|Any CPU
		{AE7E2429-0339-4679-96D5-2D0635CB45F1}.Release|Any CPU.Build.0 = Release|Any CPU
		{AE7E2429-0339-4679-96D5-2D0635CB45F1}.Release|Any CPU.Deploy.0 = Release|Any CPU
		{698FF406-9FA0-45F1-87A4-D653773B3E76}.Debug|Any CPU.ActiveCfg = Debug|Any CPU
		{698FF406-9FA0-45F1-87A4-D653773B3E76}.Debug|Any CPU.Build.0 = Debug|Any CPU
		{698FF406-9FA0-45F1-87A4-D653773B3E76}.Release|Any CPU.ActiveCfg = Release|Any CPU
		{698FF406-9FA0-45F1-87A4-D653773B3E76}.Release|Any CPU.Build.0 = Release|Any CPU
	EndGlobalSection
	GlobalSection(SolutionProperties) = preSolution
		HideSolutionNode = FALSE
	EndGlobalSection
EndGlobal
